
Microsoft Visual Studio Solution File, Format Version 12.00
# Visual Studio Version 17
VisualStudioVersion = 17.2.32526.322
MinimumVisualStudioVersion = 10.0.40219.1
Project("{9A19103F-16F7-4668-BE54-9A1E7A4F7556}") = "Authorization", "Authorization.csproj", "{33C99D77-512B-4CD6-BFEF-E361C93B3318}"
EndProject
Project("{9A19103F-16F7-4668-BE54-9A1E7A4F7556}") = "EmployeeMicroservice", "..\..\Employee\EmployeeMicroservice\EmployeeMicroservice.csproj", "{A16048B0-2AD1-4752-A5B7-A8410C50BC5A}"
EndProject
Project("{9A19103F-16F7-4668-BE54-9A1E7A4F7556}") = "OfferMicroservice", "..\..\Offer\OfferMicroservice\OfferMicroservice.csproj", "{AE96BEFC-25AD-4F66-A3C5-0AF5AA08F28D}"
EndProject
Project("{9A19103F-16F7-4668-BE54-9A1E7A4F7556}") = "PointsMicroservice", "..\..\Points\PointsMicroservice\PointsMicroservice.csproj", "{44C8003D-D7FA-4663-803C-EABDBF5A63CA}"
EndProject
Project("{9A19103F-16F7-4668-BE54-9A1E7A4F7556}") = "AuthorizationTest", "..\AuthorizationTest\AuthorizationTest.csproj", "{78065C5C-FB4C-40D6-9DD2-DC16D5F8C950}"
EndProject
Project("{9A19103F-16F7-4668-BE54-9A1E7A4F7556}") = "EmployeeMicroserviceTest", "..\..\Employee\EmployeeMicroserviceTest\EmployeeMicroserviceTest.csproj", "{F2240740-689B-4D1D-ADFE-99040015675F}"
EndProject
Project("{9A19103F-16F7-4668-BE54-9A1E7A4F7556}") = "OfferMicroserviceTest", "..\..\Offer\OfferMicroserviceTest\OfferMicroserviceTest.csproj", "{D87633A2-E859-4B79-9D96-11D2C229C83A}"
EndProject
Project("{9A19103F-16F7-4668-BE54-9A1E7A4F7556}") = "PointMicroserviceTest", "..\..\Points\PointMicroserviceTest\PointMicroserviceTest.csproj", "{0A885DB0-247E-423E-93A8-883012A36723}"
EndProject
Global
	GlobalSection(SolutionConfigurationPlatforms) = preSolution
		Debug|Any CPU = Debug|Any CPU
		Release|Any CPU = Release|Any CPU
	EndGlobalSection
	GlobalSection(ProjectConfigurationPlatforms) = postSolution
		{33C99D77-512B-4CD6-BFEF-E361C93B3318}.Debug|Any CPU.ActiveCfg = Debug|Any CPU
		{33C99D77-512B-4CD6-BFEF-E361C93B3318}.Debug|Any CPU.Build.0 = Debug|Any CPU
		{33C99D77-512B-4CD6-BFEF-E361C93B3318}.Release|Any CPU.ActiveCfg = Release|Any CPU
		{33C99D77-512B-4CD6-BFEF-E361C93B3318}.Release|Any CPU.Build.0 = Release|Any CPU
		{A16048B0-2AD1-4752-A5B7-A8410C50BC5A}.Debug|Any CPU.ActiveCfg = Debug|Any CPU
		{A16048B0-2AD1-4752-A5B7-A8410C50BC5A}.Debug|Any CPU.Build.0 = Debug|Any CPU
		{A16048B0-2AD1-4752-A5B7-A8410C50BC5A}.Release|Any CPU.ActiveCfg = Release|Any CPU
		{A16048B0-2AD1-4752-A5B7-A8410C50BC5A}.Release|Any CPU.Build.0 = Release|Any CPU
		{AE96BEFC-25AD-4F66-A3C5-0AF5AA08F28D}.Debug|Any CPU.ActiveCfg = Debug|Any CPU
		{AE96BEFC-25AD-4F66-A3C5-0AF5AA08F28D}.Debug|Any CPU.Build.0 = Debug|Any CPU
		{AE96BEFC-25AD-4F66-A3C5-0AF5AA08F28D}.Release|Any CPU.ActiveCfg = Release|Any CPU
		{AE96BEFC-25AD-4F66-A3C5-0AF5AA08F28D}.Release|Any CPU.Build.0 = Release|Any CPU
		{44C8003D-D7FA-4663-803C-EABDBF5A63CA}.Debug|Any CPU.ActiveCfg = Debug|Any CPU
		{44C8003D-D7FA-4663-803C-EABDBF5A63CA}.Debug|Any CPU.Build.0 = Debug|Any CPU
		{44C8003D-D7FA-4663-803C-EABDBF5A63CA}.Release|Any CPU.ActiveCfg = Release|Any CPU
		{44C8003D-D7FA-4663-803C-EABDBF5A63CA}.Release|Any CPU.Build.0 = Release|Any CPU
		{78065C5C-FB4C-40D6-9DD2-DC16D5F8C950}.Debug|Any CPU.ActiveCfg = Debug|Any CPU
		{78065C5C-FB4C-40D6-9DD2-DC16D5F8C950}.Debug|Any CPU.Build.0 = Debug|Any CPU
		{78065C5C-FB4C-40D6-9DD2-DC16D5F8C950}.Release|Any CPU.ActiveCfg = Release|Any CPU
		{78065C5C-FB4C-40D6-9DD2-DC16D5F8C950}.Release|Any CPU.Build.0 = Release|Any CPU
		{F2240740-689B-4D1D-ADFE-99040015675F}.Debug|Any CPU.ActiveCfg = Debug|Any CPU
		{F2240740-689B-4D1D-ADFE-99040015675F}.Debug|Any CPU.Build.0 = Debug|Any CPU
		{F2240740-689B-4D1D-ADFE-99040015675F}.Release|Any CPU.ActiveCfg = Release|Any CPU
		{F2240740-689B-4D1D-ADFE-99040015675F}.Release|Any CPU.Build.0 = Release|Any CPU
		{D87633A2-E859-4B79-9D96-11D2C229C83A}.Debug|Any CPU.ActiveCfg = Debug|Any CPU
		{D87633A2-E859-4B79-9D96-11D2C229C83A}.Debug|Any CPU.Build.0 = Debug|Any CPU
		{D87633A2-E859-4B79-9D96-11D2C229C83A}.Release|Any CPU.ActiveCfg = Release|Any CPU
		{D87633A2-E859-4B79-9D96-11D2C229C83A}.Release|Any CPU.Build.0 = Release|Any CPU
		{0A885DB0-247E-423E-93A8-883012A36723}.Debug|Any CPU.ActiveCfg = Debug|Any CPU
		{0A885DB0-247E-423E-93A8-883012A36723}.Debug|Any CPU.Build.0 = Debug|Any CPU
		{0A885DB0-247E-423E-93A8-883012A36723}.Release|Any CPU.ActiveCfg = Release|Any CPU
		{0A885DB0-247E-423E-93A8-883012A36723}.Release|Any CPU.Build.0 = Release|Any CPU
	EndGlobalSection
	GlobalSection(SolutionProperties) = preSolution
		HideSolutionNode = FALSE
	EndGlobalSection
	GlobalSection(ExtensibilityGlobals) = postSolution
		SolutionGuid = {35B2FE33-5E83-4006-9425-78C66231A3F9}
	EndGlobalSection
EndGlobal
